# THIS IS AN AUTOGENERATED FILE. DO NOT EDIT THIS FILE DIRECTLY.
# yarn lockfile v1


eventemitter3@^2.0.2:
  version "2.0.3"
  resolved "https://registry.yarnpkg.com/eventemitter3/-/eventemitter3-2.0.3.tgz#b5e1079b59fb5e1ba2771c0a993be060a58c99ba"

native-promise-only@^0.8.1:
  version "0.8.1"
  resolved "https://registry.yarnpkg.com/native-promise-only/-/native-promise-only-0.8.1.tgz#20a318c30cb45f71fe7adfbf7b21c99c1472ef11"

reactorjs@^1.0.1:
  version "1.0.1"
  resolved "https://registry.yarnpkg.com/reactorjs/-/reactorjs-1.0.1.tgz#448d89a82bcf278d353fdede41c971d50218fc92"

threads@^0.12.0:
  version "0.12.0"
  resolved "https://registry.yarnpkg.com/threads/-/threads-0.12.0.tgz#d8ae23d929fcb8274a585b7bc333324fdfacef67"
  dependencies:
    eventemitter3 "^2.0.2"
    native-promise-only "^0.8.1"
